github.com/MathewKostiuk/tempconv v0.0.0-20211013032717-142f88a86de1 h1:Q+YQDoIMrPvfdSnIxs2wezJI0VYwGUXYPR1IN/wvFJk=
github.com/MathewKostiuk/tempconv v0.0.0-20211013032717-142f88a86de1/go.mod h1:0vdG/lVEUhsVYlO+O4HqfT8bthuQULJYcxyuQKq8gOY=
github.com/MathewKostiuk/tempconv v0.0.0-20211013033628-c25917e38d53 h1:72iPKu3ch264Lm50DyMmj2RJ3ngWzWH/phU5+kN6Ixw=
github.com/MathewKostiuk/tempconv v0.0.0-20211013033628-c25917e38d53/go.mod h1:0vdG/lVEUhsVYlO+O4HqfT8bthuQULJYcxyuQKq8gOY=
