github.com/MathewKostiuk/sorting v0.0.0-20211016211236-9dd9d79ccd07 h1:tJiyOK8WwOdUEzH7VtXmlAvg+RgQP1BVMy44UVZ6LMY=
github.com/MathewKostiuk/sorting v0.0.0-20211016211236-9dd9d79ccd07/go.mod h1:jVOuspxQ63IECDgsj3pzl6j9fgwoEpl++PL+1OykKMY=
github.com/MathewKostiuk/sorting v0.0.1 h1:gMQotzgfCIx+IyQSQTnCzyytobFt7Rc6lj42lreCosg=
github.com/MathewKostiuk/sorting v0.0.1/go.mod h1:jVOuspxQ63IECDgsj3pzl6j9fgwoEpl++PL+1OykKMY=
